
Microsoft Visual Studio Solution File, Format Version 12.00
# Visual Studio 2012
Project("{FAE04EC0-301F-11D3-BF4B-00C04F79EFBC}") = "Adopter", "Adopter\Adopter.csproj", "{3DEDAF2E-AEEE-4EB4-AD31-619A676064F6}"
EndProject
Project("{FAE04EC0-301F-11D3-BF4B-00C04F79EFBC}") = "Adopter.iOS", "iOS\Adopter.iOS.csproj", "{3E6506D5-38A9-4F67-A6B3-09AFC5AE7D43}"
EndProject
Project("{FAE04EC0-301F-11D3-BF4B-00C04F79EFBC}") = "Adopter.Droid", "Droid\Adopter.Droid.csproj", "{800422E4-9363-4339-84FB-87F7262F6E6E}"
EndProject
Global
	GlobalSection(SolutionConfigurationPlatforms) = preSolution
		Debug|Any CPU = Debug|Any CPU
		Release|Any CPU = Release|Any CPU
		Debug|iPhoneSimulator = Debug|iPhoneSimulator
		Release|iPhone = Release|iPhone
		Release|iPhoneSimulator = Release|iPhoneSimulator
		Debug|iPhone = Debug|iPhone
	EndGlobalSection
	GlobalSection(ProjectConfigurationPlatforms) = postSolution
		{3DEDAF2E-AEEE-4EB4-AD31-619A676064F6}.Debug|Any CPU.ActiveCfg = Debug|Any CPU
		{3DEDAF2E-AEEE-4EB4-AD31-619A676064F6}.Debug|Any CPU.Build.0 = Debug|Any CPU
		{3DEDAF2E-AEEE-4EB4-AD31-619A676064F6}.Release|Any CPU.ActiveCfg = Release|Any CPU
		{3DEDAF2E-AEEE-4EB4-AD31-619A676064F6}.Release|Any CPU.Build.0 = Release|Any CPU
		{3DEDAF2E-AEEE-4EB4-AD31-619A676064F6}.Debug|iPhoneSimulator.ActiveCfg = Debug|Any CPU
		{3DEDAF2E-AEEE-4EB4-AD31-619A676064F6}.Debug|iPhoneSimulator.Build.0 = Debug|Any CPU
		{3DEDAF2E-AEEE-4EB4-AD31-619A676064F6}.Release|iPhone.ActiveCfg = Release|Any CPU
		{3DEDAF2E-AEEE-4EB4-AD31-619A676064F6}.Release|iPhone.Build.0 = Release|Any CPU
		{3DEDAF2E-AEEE-4EB4-AD31-619A676064F6}.Release|iPhoneSimulator.ActiveCfg = Release|Any CPU
		{3DEDAF2E-AEEE-4EB4-AD31-619A676064F6}.Release|iPhoneSimulator.Build.0 = Release|Any CPU
		{3DEDAF2E-AEEE-4EB4-AD31-619A676064F6}.Debug|iPhone.ActiveCfg = Debug|Any CPU
		{3DEDAF2E-AEEE-4EB4-AD31-619A676064F6}.Debug|iPhone.Build.0 = Debug|Any CPU
		{3E6506D5-38A9-4F67-A6B3-09AFC5AE7D43}.Debug|Any CPU.ActiveCfg = Debug|iPhoneSimulator
		{3E6506D5-38A9-4F67-A6B3-09AFC5AE7D43}.Debug|Any CPU.Build.0 = Debug|iPhoneSimulator
		{3E6506D5-38A9-4F67-A6B3-09AFC5AE7D43}.Release|Any CPU.ActiveCfg = Release|iPhone
		{3E6506D5-38A9-4F67-A6B3-09AFC5AE7D43}.Release|Any CPU.Build.0 = Release|iPhone
		{3E6506D5-38A9-4F67-A6B3-09AFC5AE7D43}.Debug|iPhoneSimulator.ActiveCfg = Debug|iPhoneSimulator
		{3E6506D5-38A9-4F67-A6B3-09AFC5AE7D43}.Debug|iPhoneSimulator.Build.0 = Debug|iPhoneSimulator
		{3E6506D5-38A9-4F67-A6B3-09AFC5AE7D43}.Release|iPhone.ActiveCfg = Release|iPhone
		{3E6506D5-38A9-4F67-A6B3-09AFC5AE7D43}.Release|iPhone.Build.0 = Release|iPhone
		{3E6506D5-38A9-4F67-A6B3-09AFC5AE7D43}.Release|iPhoneSimulator.ActiveCfg = Release|iPhoneSimulator
		{3E6506D5-38A9-4F67-A6B3-09AFC5AE7D43}.Release|iPhoneSimulator.Build.0 = Release|iPhoneSimulator
		{3E6506D5-38A9-4F67-A6B3-09AFC5AE7D43}.Debug|iPhone.ActiveCfg = Debug|iPhone
		{3E6506D5-38A9-4F67-A6B3-09AFC5AE7D43}.Debug|iPhone.Build.0 = Debug|iPhone
		{800422E4-9363-4339-84FB-87F7262F6E6E}.Debug|Any CPU.ActiveCfg = Debug|Any CPU
		{800422E4-9363-4339-84FB-87F7262F6E6E}.Debug|Any CPU.Build.0 = Debug|Any CPU
		{800422E4-9363-4339-84FB-87F7262F6E6E}.Release|Any CPU.ActiveCfg = Release|Any CPU
		{800422E4-9363-4339-84FB-87F7262F6E6E}.Release|Any CPU.Build.0 = Release|Any CPU
		{800422E4-9363-4339-84FB-87F7262F6E6E}.Debug|iPhoneSimulator.ActiveCfg = Debug|Any CPU
		{800422E4-9363-4339-84FB-87F7262F6E6E}.Debug|iPhoneSimulator.Build.0 = Debug|Any CPU
		{800422E4-9363-4339-84FB-87F7262F6E6E}.Release|iPhone.ActiveCfg = Release|Any CPU
		{800422E4-9363-4339-84FB-87F7262F6E6E}.Release|iPhone.Build.0 = Release|Any CPU
		{800422E4-9363-4339-84FB-87F7262F6E6E}.Release|iPhoneSimulator.ActiveCfg = Release|Any CPU
		{800422E4-9363-4339-84FB-87F7262F6E6E}.Release|iPhoneSimulator.Build.0 = Release|Any CPU
		{800422E4-9363-4339-84FB-87F7262F6E6E}.Debug|iPhone.ActiveCfg = Debug|Any CPU
		{800422E4-9363-4339-84FB-87F7262F6E6E}.Debug|iPhone.Build.0 = Debug|Any CPU
	EndGlobalSection
EndGlobal
